
Microsoft Visual Studio Solution File, Format Version 12.00
# Visual Studio Version 17
VisualStudioVersion = 17.4.33122.133
MinimumVisualStudioVersion = 10.0.40219.1
Project("{FAE04EC0-301F-11D3-BF4B-00C04F79EFBC}") = "Clasee 8", "Clasee 8\Clasee 8.csproj", "{C240736B-809A-472B-BC95-7E54FFF1E89A}"
EndProject
Global
	GlobalSection(SolutionConfigurationPlatforms) = preSolution
		Debug|Any CPU = Debug|Any CPU
		Release|Any CPU = Release|Any CPU
	EndGlobalSection
	GlobalSection(ProjectConfigurationPlatforms) = postSolution
		{C240736B-809A-472B-BC95-7E54FFF1E89A}.Debug|Any CPU.ActiveCfg = Debug|Any CPU
		{C240736B-809A-472B-BC95-7E54FFF1E89A}.Debug|Any CPU.Build.0 = Debug|Any CPU
		{C240736B-809A-472B-BC95-7E54FFF1E89A}.Release|Any CPU.ActiveCfg = Release|Any CPU
		{C240736B-809A-472B-BC95-7E54FFF1E89A}.Release|Any CPU.Build.0 = Release|Any CPU
	EndGlobalSection
	GlobalSection(SolutionProperties) = preSolution
		HideSolutionNode = FALSE
	EndGlobalSection
	GlobalSection(ExtensibilityGlobals) = postSolution
		SolutionGuid = {7395C5D5-8731-457D-AC91-980313AE98AF}
	EndGlobalSection
EndGlobal
